
Microsoft Visual Studio Solution File, Format Version 12.00
# Visual Studio Version 16
VisualStudioVersion = 16.0.31729.503
MinimumVisualStudioVersion = 10.0.40219.1
Project("{9A19103F-16F7-4668-BE54-9A1E7A4F7556}") = "AutomatedTests", "AutomatedTests.csproj", "{78BD77C3-57DD-45AB-8013-D56B7B8A6980}"
EndProject
Global
	GlobalSection(SolutionConfigurationPlatforms) = preSolution
		Debug|Any CPU = Debug|Any CPU
		Release|Any CPU = Release|Any CPU
	EndGlobalSection
	GlobalSection(ProjectConfigurationPlatforms) = postSolution
		{78BD77C3-57DD-45AB-8013-D56B7B8A6980}.Debug|Any CPU.ActiveCfg = Debug|Any CPU
		{78BD77C3-57DD-45AB-8013-D56B7B8A6980}.Debug|Any CPU.Build.0 = Debug|Any CPU
		{78BD77C3-57DD-45AB-8013-D56B7B8A6980}.Release|Any CPU.ActiveCfg = Release|Any CPU
		{78BD77C3-57DD-45AB-8013-D56B7B8A6980}.Release|Any CPU.Build.0 = Release|Any CPU
	EndGlobalSection
	GlobalSection(SolutionProperties) = preSolution
		HideSolutionNode = FALSE
	EndGlobalSection
	GlobalSection(ExtensibilityGlobals) = postSolution
		SolutionGuid = {21322CD6-182A-49CE-B102-59C66B466A9F}
	EndGlobalSection
EndGlobal
